
Microsoft Visual Studio Solution File, Format Version 12.00
# Visual Studio Version 16
VisualStudioVersion = 16.0.31005.135
MinimumVisualStudioVersion = 10.0.40219.1
Project("{2150E333-8FDC-42A3-9474-1A3956D46DE8}") = "Services", "Services", "{5CC3F092-2A98-47BB-B513-0A0174951B61}"
EndProject
Project("{2150E333-8FDC-42A3-9474-1A3956D46DE8}") = "Catalog", "Catalog", "{4199E978-C954-4865-85E4-EB975D769A6F}"
EndProject
Project("{9A19103F-16F7-4668-BE54-9A1E7A4F7556}") = "Catalog.API", "Services\Catalog\Catalog.API\Catalog.API.csproj", "{E661C430-7AB1-46C5-AD97-FB5903CDD11F}"
EndProject
Project("{E53339B2-1760-4266-BCC7-CA923CBCF16C}") = "docker-compose", "docker-compose.dcproj", "{D8231C15-8944-417E-AE37-CE728F7E71B7}"
EndProject
Project("{2150E333-8FDC-42A3-9474-1A3956D46DE8}") = "Basket", "Basket", "{084A4F2A-6AAA-4D35-B510-F854B85261E6}"
EndProject
Project("{9A19103F-16F7-4668-BE54-9A1E7A4F7556}") = "Basket.API", "Services\Basket\Basket.API\Basket.API.csproj", "{5996AB54-C3D4-4108-AF96-6C10DADFB8FC}"
EndProject
Project("{2150E333-8FDC-42A3-9474-1A3956D46DE8}") = "Discount", "Discount", "{A3BF6965-F8DA-4976-A269-4F08DF3BF01D}"
EndProject
Project("{9A19103F-16F7-4668-BE54-9A1E7A4F7556}") = "Discount.API", "Services\Discount\Discount.API\Discount.API.csproj", "{8455DE2B-6AA0-48C4-BC5F-B5B98419A2F6}"
EndProject
Global
	GlobalSection(SolutionConfigurationPlatforms) = preSolution
		Debug|Any CPU = Debug|Any CPU
		Debug|x64 = Debug|x64
		Release|Any CPU = Release|Any CPU
		Release|x64 = Release|x64
	EndGlobalSection
	GlobalSection(ProjectConfigurationPlatforms) = postSolution
		{E661C430-7AB1-46C5-AD97-FB5903CDD11F}.Debug|Any CPU.ActiveCfg = Debug|Any CPU
		{E661C430-7AB1-46C5-AD97-FB5903CDD11F}.Debug|Any CPU.Build.0 = Debug|Any CPU
		{E661C430-7AB1-46C5-AD97-FB5903CDD11F}.Debug|x64.ActiveCfg = Debug|Any CPU
		{E661C430-7AB1-46C5-AD97-FB5903CDD11F}.Debug|x64.Build.0 = Debug|Any CPU
		{E661C430-7AB1-46C5-AD97-FB5903CDD11F}.Release|Any CPU.ActiveCfg = Release|Any CPU
		{E661C430-7AB1-46C5-AD97-FB5903CDD11F}.Release|Any CPU.Build.0 = Release|Any CPU
		{E661C430-7AB1-46C5-AD97-FB5903CDD11F}.Release|x64.ActiveCfg = Release|Any CPU
		{E661C430-7AB1-46C5-AD97-FB5903CDD11F}.Release|x64.Build.0 = Release|Any CPU
		{D8231C15-8944-417E-AE37-CE728F7E71B7}.Debug|Any CPU.ActiveCfg = Debug|Any CPU
		{D8231C15-8944-417E-AE37-CE728F7E71B7}.Debug|Any CPU.Build.0 = Debug|Any CPU
		{D8231C15-8944-417E-AE37-CE728F7E71B7}.Debug|x64.ActiveCfg = Debug|Any CPU
		{D8231C15-8944-417E-AE37-CE728F7E71B7}.Debug|x64.Build.0 = Debug|Any CPU
		{D8231C15-8944-417E-AE37-CE728F7E71B7}.Release|Any CPU.ActiveCfg = Release|Any CPU
		{D8231C15-8944-417E-AE37-CE728F7E71B7}.Release|Any CPU.Build.0 = Release|Any CPU
		{D8231C15-8944-417E-AE37-CE728F7E71B7}.Release|x64.ActiveCfg = Release|Any CPU
		{D8231C15-8944-417E-AE37-CE728F7E71B7}.Release|x64.Build.0 = Release|Any CPU
		{5996AB54-C3D4-4108-AF96-6C10DADFB8FC}.Debug|Any CPU.ActiveCfg = Debug|Any CPU
		{5996AB54-C3D4-4108-AF96-6C10DADFB8FC}.Debug|Any CPU.Build.0 = Debug|Any CPU
		{5996AB54-C3D4-4108-AF96-6C10DADFB8FC}.Debug|x64.ActiveCfg = Debug|Any CPU
		{5996AB54-C3D4-4108-AF96-6C10DADFB8FC}.Debug|x64.Build.0 = Debug|Any CPU
		{5996AB54-C3D4-4108-AF96-6C10DADFB8FC}.Release|Any CPU.ActiveCfg = Release|Any CPU
		{5996AB54-C3D4-4108-AF96-6C10DADFB8FC}.Release|Any CPU.Build.0 = Release|Any CPU
		{5996AB54-C3D4-4108-AF96-6C10DADFB8FC}.Release|x64.ActiveCfg = Release|Any CPU
		{5996AB54-C3D4-4108-AF96-6C10DADFB8FC}.Release|x64.Build.0 = Release|Any CPU
		{8455DE2B-6AA0-48C4-BC5F-B5B98419A2F6}.Debug|Any CPU.ActiveCfg = Debug|Any CPU
		{8455DE2B-6AA0-48C4-BC5F-B5B98419A2F6}.Debug|Any CPU.Build.0 = Debug|Any CPU
		{8455DE2B-6AA0-48C4-BC5F-B5B98419A2F6}.Debug|x64.ActiveCfg = Debug|Any CPU
		{8455DE2B-6AA0-48C4-BC5F-B5B98419A2F6}.Debug|x64.Build.0 = Debug|Any CPU
		{8455DE2B-6AA0-48C4-BC5F-B5B98419A2F6}.Release|Any CPU.ActiveCfg = Release|Any CPU
		{8455DE2B-6AA0-48C4-BC5F-B5B98419A2F6}.Release|Any CPU.Build.0 = Release|Any CPU
		{8455DE2B-6AA0-48C4-BC5F-B5B98419A2F6}.Release|x64.ActiveCfg = Release|Any CPU
		{8455DE2B-6AA0-48C4-BC5F-B5B98419A2F6}.Release|x64.Build.0 = Release|Any CPU
	EndGlobalSection
	GlobalSection(SolutionProperties) = preSolution
		HideSolutionNode = FALSE
	EndGlobalSection
	GlobalSection(NestedProjects) = preSolution
		{4199E978-C954-4865-85E4-EB975D769A6F} = {5CC3F092-2A98-47BB-B513-0A0174951B61}
		{E661C430-7AB1-46C5-AD97-FB5903CDD11F} = {4199E978-C954-4865-85E4-EB975D769A6F}
		{084A4F2A-6AAA-4D35-B510-F854B85261E6} = {5CC3F092-2A98-47BB-B513-0A0174951B61}
		{5996AB54-C3D4-4108-AF96-6C10DADFB8FC} = {084A4F2A-6AAA-4D35-B510-F854B85261E6}
		{A3BF6965-F8DA-4976-A269-4F08DF3BF01D} = {5CC3F092-2A98-47BB-B513-0A0174951B61}
		{8455DE2B-6AA0-48C4-BC5F-B5B98419A2F6} = {A3BF6965-F8DA-4976-A269-4F08DF3BF01D}
	EndGlobalSection
	GlobalSection(ExtensibilityGlobals) = postSolution
		SolutionGuid = {C2A73C5C-8EBA-4AE0-AAB9-B82ABA5BAAF9}
	EndGlobalSection
EndGlobal
